
Microsoft Visual Studio Solution File, Format Version 12.00
# Visual Studio 15
VisualStudioVersion = 15.0.28307.645
MinimumVisualStudioVersion = 10.0.40219.1
Project("{FAE04EC0-301F-11D3-BF4B-00C04F79EFBC}") = "IntegrantFirstTask.Android", "IntegrantFirstTask\IntegrantFirstTask.Android\IntegrantFirstTask.Android.csproj", "{6B0E735D-123C-406B-80B7-08BB3051529D}"
EndProject
Project("{FAE04EC0-301F-11D3-BF4B-00C04F79EFBC}") = "IntegrantFirstTask.iOS", "IntegrantFirstTask\IntegrantFirstTask.iOS\IntegrantFirstTask.iOS.csproj", "{E5571000-E7FA-4DE6-AA75-FB5650B2A3AA}"
EndProject
Project("{9A19103F-16F7-4668-BE54-9A1E7A4F7556}") = "IntegrantFirstTask", "IntegrantFirstTask\IntegrantFirstTask\IntegrantFirstTask.csproj", "{869A0D98-1EFC-4036-AEBD-2426506129D6}"
EndProject
Project("{FAE04EC0-301F-11D3-BF4B-00C04F79EFBC}") = "TaskBackEnd", "IntegrantFirstTask\TaskBackEnd\TaskBackEnd.csproj", "{DDCB96ED-B1D5-4046-97C6-9642E9C57E03}"
EndProject
Global
	GlobalSection(SolutionConfigurationPlatforms) = preSolution
		Ad-Hoc|Any CPU = Ad-Hoc|Any CPU
		Ad-Hoc|iPhone = Ad-Hoc|iPhone
		Ad-Hoc|iPhoneSimulator = Ad-Hoc|iPhoneSimulator
		AppStore|Any CPU = AppStore|Any CPU
		AppStore|iPhone = AppStore|iPhone
		AppStore|iPhoneSimulator = AppStore|iPhoneSimulator
		Debug|Any CPU = Debug|Any CPU
		Debug|iPhone = Debug|iPhone
		Debug|iPhoneSimulator = Debug|iPhoneSimulator
		Release|Any CPU = Release|Any CPU
		Release|iPhone = Release|iPhone
		Release|iPhoneSimulator = Release|iPhoneSimulator
	EndGlobalSection
	GlobalSection(ProjectConfigurationPlatforms) = postSolution
		{6B0E735D-123C-406B-80B7-08BB3051529D}.Ad-Hoc|Any CPU.ActiveCfg = Release|Any CPU
		{6B0E735D-123C-406B-80B7-08BB3051529D}.Ad-Hoc|Any CPU.Build.0 = Release|Any CPU
		{6B0E735D-123C-406B-80B7-08BB3051529D}.Ad-Hoc|Any CPU.Deploy.0 = Release|Any CPU
		{6B0E735D-123C-406B-80B7-08BB3051529D}.Ad-Hoc|iPhone.ActiveCfg = Release|Any CPU
		{6B0E735D-123C-406B-80B7-08BB3051529D}.Ad-Hoc|iPhone.Build.0 = Release|Any CPU
		{6B0E735D-123C-406B-80B7-08BB3051529D}.Ad-Hoc|iPhone.Deploy.0 = Release|Any CPU
		{6B0E735D-123C-406B-80B7-08BB3051529D}.Ad-Hoc|iPhoneSimulator.ActiveCfg = Release|Any CPU
		{6B0E735D-123C-406B-80B7-08BB3051529D}.Ad-Hoc|iPhoneSimulator.Build.0 = Release|Any CPU
		{6B0E735D-123C-406B-80B7-08BB3051529D}.Ad-Hoc|iPhoneSimulator.Deploy.0 = Release|Any CPU
		{6B0E735D-123C-406B-80B7-08BB3051529D}.AppStore|Any CPU.ActiveCfg = Release|Any CPU
		{6B0E735D-123C-406B-80B7-08BB3051529D}.AppStore|Any CPU.Build.0 = Release|Any CPU
		{6B0E735D-123C-406B-80B7-08BB3051529D}.AppStore|Any CPU.Deploy.0 = Release|Any CPU
		{6B0E735D-123C-406B-80B7-08BB3051529D}.AppStore|iPhone.ActiveCfg = Release|Any CPU
		{6B0E735D-123C-406B-80B7-08BB3051529D}.AppStore|iPhone.Build.0 = Release|Any CPU
		{6B0E735D-123C-406B-80B7-08BB3051529D}.AppStore|iPhone.Deploy.0 = Release|Any CPU
		{6B0E735D-123C-406B-80B7-08BB3051529D}.AppStore|iPhoneSimulator.ActiveCfg = Release|Any CPU
		{6B0E735D-123C-406B-80B7-08BB3051529D}.AppStore|iPhoneSimulator.Build.0 = Release|Any CPU
		{6B0E735D-123C-406B-80B7-08BB3051529D}.AppStore|iPhoneSimulator.Deploy.0 = Release|Any CPU
		{6B0E735D-123C-406B-80B7-08BB3051529D}.Debug|Any CPU.ActiveCfg = Debug|Any CPU
		{6B0E735D-123C-406B-80B7-08BB3051529D}.Debug|Any CPU.Build.0 = Debug|Any CPU
		{6B0E735D-123C-406B-80B7-08BB3051529D}.Debug|Any CPU.Deploy.0 = Debug|Any CPU
		{6B0E735D-123C-406B-80B7-08BB3051529D}.Debug|iPhone.ActiveCfg = Debug|Any CPU
		{6B0E735D-123C-406B-80B7-08BB3051529D}.Debug|iPhone.Build.0 = Debug|Any CPU
		{6B0E735D-123C-406B-80B7-08BB3051529D}.Debug|iPhone.Deploy.0 = Debug|Any CPU
		{6B0E735D-123C-406B-80B7-08BB3051529D}.Debug|iPhoneSimulator.ActiveCfg = Debug|Any CPU
		{6B0E735D-123C-406B-80B7-08BB3051529D}.Debug|iPhoneSimulator.Build.0 = Debug|Any CPU
		{6B0E735D-123C-406B-80B7-08BB3051529D}.Debug|iPhoneSimulator.Deploy.0 = Debug|Any CPU
		{6B0E735D-123C-406B-80B7-08BB3051529D}.Release|Any CPU.ActiveCfg = Release|Any CPU
		{6B0E735D-123C-406B-80B7-08BB3051529D}.Release|Any CPU.Build.0 = Release|Any CPU
		{6B0E735D-123C-406B-80B7-08BB3051529D}.Release|Any CPU.Deploy.0 = Release|Any CPU
		{6B0E735D-123C-406B-80B7-08BB3051529D}.Release|iPhone.ActiveCfg = Release|Any CPU
		{6B0E735D-123C-406B-80B7-08BB3051529D}.Release|iPhone.Build.0 = Release|Any CPU
		{6B0E735D-123C-406B-80B7-08BB3051529D}.Release|iPhone.Deploy.0 = Release|Any CPU
		{6B0E735D-123C-406B-80B7-08BB3051529D}.Release|iPhoneSimulator.ActiveCfg = Release|Any CPU
		{6B0E735D-123C-406B-80B7-08BB3051529D}.Release|iPhoneSimulator.Build.0 = Release|Any CPU
		{6B0E735D-123C-406B-80B7-08BB3051529D}.Release|iPhoneSimulator.Deploy.0 = Release|Any CPU
		{E5571000-E7FA-4DE6-AA75-FB5650B2A3AA}.Ad-Hoc|Any CPU.ActiveCfg = Ad-Hoc|iPhone
		{E5571000-E7FA-4DE6-AA75-FB5650B2A3AA}.Ad-Hoc|Any CPU.Build.0 = Ad-Hoc|iPhone
		{E5571000-E7FA-4DE6-AA75-FB5650B2A3AA}.Ad-Hoc|Any CPU.Deploy.0 = Ad-Hoc|iPhone
		{E5571000-E7FA-4DE6-AA75-FB5650B2A3AA}.Ad-Hoc|iPhone.ActiveCfg = Ad-Hoc|iPhone
		{E5571000-E7FA-4DE6-AA75-FB5650B2A3AA}.Ad-Hoc|iPhone.Build.0 = Ad-Hoc|iPhone
		{E5571000-E7FA-4DE6-AA75-FB5650B2A3AA}.Ad-Hoc|iPhone.Deploy.0 = Ad-Hoc|iPhone
		{E5571000-E7FA-4DE6-AA75-FB5650B2A3AA}.Ad-Hoc|iPhoneSimulator.ActiveCfg = Ad-Hoc|iPhoneSimulator
		{E5571000-E7FA-4DE6-AA75-FB5650B2A3AA}.Ad-Hoc|iPhoneSimulator.Build.0 = Ad-Hoc|iPhoneSimulator
		{E5571000-E7FA-4DE6-AA75-FB5650B2A3AA}.Ad-Hoc|iPhoneSimulator.Deploy.0 = Ad-Hoc|iPhoneSimulator
		{E5571000-E7FA-4DE6-AA75-FB5650B2A3AA}.AppStore|Any CPU.ActiveCfg = AppStore|iPhone
		{E5571000-E7FA-4DE6-AA75-FB5650B2A3AA}.AppStore|Any CPU.Build.0 = AppStore|iPhone
		{E5571000-E7FA-4DE6-AA75-FB5650B2A3AA}.AppStore|Any CPU.Deploy.0 = AppStore|iPhone
		{E5571000-E7FA-4DE6-AA75-FB5650B2A3AA}.AppStore|iPhone.ActiveCfg = AppStore|iPhone
		{E5571000-E7FA-4DE6-AA75-FB5650B2A3AA}.AppStore|iPhone.Build.0 = AppStore|iPhone
		{E5571000-E7FA-4DE6-AA75-FB5650B2A3AA}.AppStore|iPhone.Deploy.0 = AppStore|iPhone
		{E5571000-E7FA-4DE6-AA75-FB5650B2A3AA}.AppStore|iPhoneSimulator.ActiveCfg = AppStore|iPhoneSimulator
		{E5571000-E7FA-4DE6-AA75-FB5650B2A3AA}.AppStore|iPhoneSimulator.Build.0 = AppStore|iPhoneSimulator
		{E5571000-E7FA-4DE6-AA75-FB5650B2A3AA}.AppStore|iPhoneSimulator.Deploy.0 = AppStore|iPhoneSimulator
		{E5571000-E7FA-4DE6-AA75-FB5650B2A3AA}.Debug|Any CPU.ActiveCfg = Debug|iPhoneSimulator
		{E5571000-E7FA-4DE6-AA75-FB5650B2A3AA}.Debug|Any CPU.Build.0 = Debug|iPhoneSimulator
		{E5571000-E7FA-4DE6-AA75-FB5650B2A3AA}.Debug|Any CPU.Deploy.0 = Debug|iPhoneSimulator
		{E5571000-E7FA-4DE6-AA75-FB5650B2A3AA}.Debug|iPhone.ActiveCfg = Debug|iPhone
		{E5571000-E7FA-4DE6-AA75-FB5650B2A3AA}.Debug|iPhone.Build.0 = Debug|iPhone
		{E5571000-E7FA-4DE6-AA75-FB5650B2A3AA}.Debug|iPhone.Deploy.0 = Debug|iPhone
		{E5571000-E7FA-4DE6-AA75-FB5650B2A3AA}.Debug|iPhoneSimulator.ActiveCfg = Debug|iPhoneSimulator
		{E5571000-E7FA-4DE6-AA75-FB5650B2A3AA}.Debug|iPhoneSimulator.Build.0 = Debug|iPhoneSimulator
		{E5571000-E7FA-4DE6-AA75-FB5650B2A3AA}.Debug|iPhoneSimulator.Deploy.0 = Debug|iPhoneSimulator
		{E5571000-E7FA-4DE6-AA75-FB5650B2A3AA}.Release|Any CPU.ActiveCfg = Release|iPhone
		{E5571000-E7FA-4DE6-AA75-FB5650B2A3AA}.Release|Any CPU.Build.0 = Release|iPhone
		{E5571000-E7FA-4DE6-AA75-FB5650B2A3AA}.Release|Any CPU.Deploy.0 = Release|iPhone
		{E5571000-E7FA-4DE6-AA75-FB5650B2A3AA}.Release|iPhone.ActiveCfg = Release|iPhone
		{E5571000-E7FA-4DE6-AA75-FB5650B2A3AA}.Release|iPhone.Build.0 = Release|iPhone
		{E5571000-E7FA-4DE6-AA75-FB5650B2A3AA}.Release|iPhone.Deploy.0 = Release|iPhone
		{E5571000-E7FA-4DE6-AA75-FB5650B2A3AA}.Release|iPhoneSimulator.ActiveCfg = Release|iPhoneSimulator
		{E5571000-E7FA-4DE6-AA75-FB5650B2A3AA}.Release|iPhoneSimulator.Build.0 = Release|iPhoneSimulator
		{E5571000-E7FA-4DE6-AA75-FB5650B2A3AA}.Release|iPhoneSimulator.Deploy.0 = Release|iPhoneSimulator
		{869A0D98-1EFC-4036-AEBD-2426506129D6}.Ad-Hoc|Any CPU.ActiveCfg = Debug|Any CPU
		{869A0D98-1EFC-4036-AEBD-2426506129D6}.Ad-Hoc|Any CPU.Build.0 = Debug|Any CPU
		{869A0D98-1EFC-4036-AEBD-2426506129D6}.Ad-Hoc|Any CPU.Deploy.0 = Debug|Any CPU
		{869A0D98-1EFC-4036-AEBD-2426506129D6}.Ad-Hoc|iPhone.ActiveCfg = Debug|Any CPU
		{869A0D98-1EFC-4036-AEBD-2426506129D6}.Ad-Hoc|iPhone.Build.0 = Debug|Any CPU
		{869A0D98-1EFC-4036-AEBD-2426506129D6}.Ad-Hoc|iPhone.Deploy.0 = Debug|Any CPU
		{869A0D98-1EFC-4036-AEBD-2426506129D6}.Ad-Hoc|iPhoneSimulator.ActiveCfg = Debug|Any CPU
		{869A0D98-1EFC-4036-AEBD-2426506129D6}.Ad-Hoc|iPhoneSimulator.Build.0 = Debug|Any CPU
		{869A0D98-1EFC-4036-AEBD-2426506129D6}.Ad-Hoc|iPhoneSimulator.Deploy.0 = Debug|Any CPU
		{869A0D98-1EFC-4036-AEBD-2426506129D6}.AppStore|Any CPU.ActiveCfg = Debug|Any CPU
		{869A0D98-1EFC-4036-AEBD-2426506129D6}.AppStore|Any CPU.Build.0 = Debug|Any CPU
		{869A0D98-1EFC-4036-AEBD-2426506129D6}.AppStore|Any CPU.Deploy.0 = Debug|Any CPU
		{869A0D98-1EFC-4036-AEBD-2426506129D6}.AppStore|iPhone.ActiveCfg = Debug|Any CPU
		{869A0D98-1EFC-4036-AEBD-2426506129D6}.AppStore|iPhone.Build.0 = Debug|Any CPU
		{869A0D98-1EFC-4036-AEBD-2426506129D6}.AppStore|iPhone.Deploy.0 = Debug|Any CPU
		{869A0D98-1EFC-4036-AEBD-2426506129D6}.AppStore|iPhoneSimulator.ActiveCfg = Debug|Any CPU
		{869A0D98-1EFC-4036-AEBD-2426506129D6}.AppStore|iPhoneSimulator.Build.0 = Debug|Any CPU
		{869A0D98-1EFC-4036-AEBD-2426506129D6}.AppStore|iPhoneSimulator.Deploy.0 = Debug|Any CPU
		{869A0D98-1EFC-4036-AEBD-2426506129D6}.Debug|Any CPU.ActiveCfg = Debug|Any CPU
		{869A0D98-1EFC-4036-AEBD-2426506129D6}.Debug|Any CPU.Build.0 = Debug|Any CPU
		{869A0D98-1EFC-4036-AEBD-2426506129D6}.Debug|Any CPU.Deploy.0 = Debug|Any CPU
		{869A0D98-1EFC-4036-AEBD-2426506129D6}.Debug|iPhone.ActiveCfg = Debug|Any CPU
		{869A0D98-1EFC-4036-AEBD-2426506129D6}.Debug|iPhone.Build.0 = Debug|Any CPU
		{869A0D98-1EFC-4036-AEBD-2426506129D6}.Debug|iPhone.Deploy.0 = Debug|Any CPU
		{869A0D98-1EFC-4036-AEBD-2426506129D6}.Debug|iPhoneSimulator.ActiveCfg = Debug|Any CPU
		{869A0D98-1EFC-4036-AEBD-2426506129D6}.Debug|iPhoneSimulator.Build.0 = Debug|Any CPU
		{869A0D98-1EFC-4036-AEBD-2426506129D6}.Debug|iPhoneSimulator.Deploy.0 = Debug|Any CPU
		{869A0D98-1EFC-4036-AEBD-2426506129D6}.Release|Any CPU.ActiveCfg = Release|Any CPU
		{869A0D98-1EFC-4036-AEBD-2426506129D6}.Release|Any CPU.Build.0 = Release|Any CPU
		{869A0D98-1EFC-4036-AEBD-2426506129D6}.Release|Any CPU.Deploy.0 = Release|Any CPU
		{869A0D98-1EFC-4036-AEBD-2426506129D6}.Release|iPhone.ActiveCfg = Release|Any CPU
		{869A0D98-1EFC-4036-AEBD-2426506129D6}.Release|iPhone.Build.0 = Release|Any CPU
		{869A0D98-1EFC-4036-AEBD-2426506129D6}.Release|iPhone.Deploy.0 = Release|Any CPU
		{869A0D98-1EFC-4036-AEBD-2426506129D6}.Release|iPhoneSimulator.ActiveCfg = Release|Any CPU
		{869A0D98-1EFC-4036-AEBD-2426506129D6}.Release|iPhoneSimulator.Build.0 = Release|Any CPU
		{869A0D98-1EFC-4036-AEBD-2426506129D6}.Release|iPhoneSimulator.Deploy.0 = Release|Any CPU
		{DDCB96ED-B1D5-4046-97C6-9642E9C57E03}.Ad-Hoc|Any CPU.ActiveCfg = Release|Any CPU
		{DDCB96ED-B1D5-4046-97C6-9642E9C57E03}.Ad-Hoc|Any CPU.Build.0 = Release|Any CPU
		{DDCB96ED-B1D5-4046-97C6-9642E9C57E03}.Ad-Hoc|iPhone.ActiveCfg = Release|Any CPU
		{DDCB96ED-B1D5-4046-97C6-9642E9C57E03}.Ad-Hoc|iPhone.Build.0 = Release|Any CPU
		{DDCB96ED-B1D5-4046-97C6-9642E9C57E03}.Ad-Hoc|iPhoneSimulator.ActiveCfg = Release|Any CPU
		{DDCB96ED-B1D5-4046-97C6-9642E9C57E03}.Ad-Hoc|iPhoneSimulator.Build.0 = Release|Any CPU
		{DDCB96ED-B1D5-4046-97C6-9642E9C57E03}.AppStore|Any CPU.ActiveCfg = Release|Any CPU
		{DDCB96ED-B1D5-4046-97C6-9642E9C57E03}.AppStore|Any CPU.Build.0 = Release|Any CPU
		{DDCB96ED-B1D5-4046-97C6-9642E9C57E03}.AppStore|iPhone.ActiveCfg = Release|Any CPU
		{DDCB96ED-B1D5-4046-97C6-9642E9C57E03}.AppStore|iPhone.Build.0 = Release|Any CPU
		{DDCB96ED-B1D5-4046-97C6-9642E9C57E03}.AppStore|iPhoneSimulator.ActiveCfg = Release|Any CPU
		{DDCB96ED-B1D5-4046-97C6-9642E9C57E03}.AppStore|iPhoneSimulator.Build.0 = Release|Any CPU
		{DDCB96ED-B1D5-4046-97C6-9642E9C57E03}.Debug|Any CPU.ActiveCfg = Debug|Any CPU
		{DDCB96ED-B1D5-4046-97C6-9642E9C57E03}.Debug|Any CPU.Build.0 = Debug|Any CPU
		{DDCB96ED-B1D5-4046-97C6-9642E9C57E03}.Debug|iPhone.ActiveCfg = Debug|Any CPU
		{DDCB96ED-B1D5-4046-97C6-9642E9C57E03}.Debug|iPhone.Build.0 = Debug|Any CPU
		{DDCB96ED-B1D5-4046-97C6-9642E9C57E03}.Debug|iPhoneSimulator.ActiveCfg = Debug|Any CPU
		{DDCB96ED-B1D5-4046-97C6-9642E9C57E03}.Debug|iPhoneSimulator.Build.0 = Debug|Any CPU
		{DDCB96ED-B1D5-4046-97C6-9642E9C57E03}.Release|Any CPU.ActiveCfg = Release|Any CPU
		{DDCB96ED-B1D5-4046-97C6-9642E9C57E03}.Release|Any CPU.Build.0 = Release|Any CPU
		{DDCB96ED-B1D5-4046-97C6-9642E9C57E03}.Release|iPhone.ActiveCfg = Release|Any CPU
		{DDCB96ED-B1D5-4046-97C6-9642E9C57E03}.Release|iPhone.Build.0 = Release|Any CPU
		{DDCB96ED-B1D5-4046-97C6-9642E9C57E03}.Release|iPhoneSimulator.ActiveCfg = Release|Any CPU
		{DDCB96ED-B1D5-4046-97C6-9642E9C57E03}.Release|iPhoneSimulator.Build.0 = Release|Any CPU
	EndGlobalSection
	GlobalSection(SolutionProperties) = preSolution
		HideSolutionNode = FALSE
	EndGlobalSection
	GlobalSection(ExtensibilityGlobals) = postSolution
		SolutionGuid = {F424406D-1387-47B0-AB96-55E5D3FC0EF2}
	EndGlobalSection
EndGlobal
